
Microsoft Visual Studio Solution File, Format Version 12.00
# Visual Studio Version 16
VisualStudioVersion = 16.0.31005.135
MinimumVisualStudioVersion = 10.0.40219.1
Project("{9A19103F-16F7-4668-BE54-9A1E7A4F7556}") = "TheFuzzyChess", "TheFuzzyChess\TheFuzzyChess.csproj", "{0F8FADBA-92D4-46B7-9D45-2435C0022324}"
EndProject
Project("{9A19103F-16F7-4668-BE54-9A1E7A4F7556}") = "TheFuzzyChess.Tests", "TheFuzzyChess.Tests\TheFuzzyChess.Tests.csproj", "{47A68435-8024-47E1-9A8A-B385F19B7691}"
EndProject
Global
	GlobalSection(SolutionConfigurationPlatforms) = preSolution
		Debug|Any CPU = Debug|Any CPU
		Release|Any CPU = Release|Any CPU
	EndGlobalSection
	GlobalSection(ProjectConfigurationPlatforms) = postSolution
		{0F8FADBA-92D4-46B7-9D45-2435C0022324}.Debug|Any CPU.ActiveCfg = Debug|Any CPU
		{0F8FADBA-92D4-46B7-9D45-2435C0022324}.Debug|Any CPU.Build.0 = Debug|Any CPU
		{0F8FADBA-92D4-46B7-9D45-2435C0022324}.Release|Any CPU.ActiveCfg = Release|Any CPU
		{0F8FADBA-92D4-46B7-9D45-2435C0022324}.Release|Any CPU.Build.0 = Release|Any CPU
		{47A68435-8024-47E1-9A8A-B385F19B7691}.Debug|Any CPU.ActiveCfg = Debug|Any CPU
		{47A68435-8024-47E1-9A8A-B385F19B7691}.Debug|Any CPU.Build.0 = Debug|Any CPU
		{47A68435-8024-47E1-9A8A-B385F19B7691}.Release|Any CPU.ActiveCfg = Release|Any CPU
		{47A68435-8024-47E1-9A8A-B385F19B7691}.Release|Any CPU.Build.0 = Release|Any CPU
	EndGlobalSection
	GlobalSection(SolutionProperties) = preSolution
		HideSolutionNode = FALSE
	EndGlobalSection
	GlobalSection(ExtensibilityGlobals) = postSolution
		SolutionGuid = {43809C15-7141-4F88-853D-55EA6F466B82}
	EndGlobalSection
EndGlobal
